
Microsoft Visual Studio Solution File, Format Version 12.00
# Visual Studio Version 17
VisualStudioVersion = 17.7.34031.279
MinimumVisualStudioVersion = 10.0.40219.1
Project("{FAE04EC0-301F-11D3-BF4B-00C04F79EFBC}") = "WinFormsApp1", "WinFormsApp1.csproj", "{D05926AB-D6E8-4992-AA92-605F04E0343D}"
EndProject
Global
	GlobalSection(SolutionConfigurationPlatforms) = preSolution
		Debug|Any CPU = Debug|Any CPU
		Release|Any CPU = Release|Any CPU
	EndGlobalSection
	GlobalSection(ProjectConfigurationPlatforms) = postSolution
		{D05926AB-D6E8-4992-AA92-605F04E0343D}.Debug|Any CPU.ActiveCfg = Debug|Any CPU
		{D05926AB-D6E8-4992-AA92-605F04E0343D}.Debug|Any CPU.Build.0 = Debug|Any CPU
		{D05926AB-D6E8-4992-AA92-605F04E0343D}.Release|Any CPU.ActiveCfg = Release|Any CPU
		{D05926AB-D6E8-4992-AA92-605F04E0343D}.Release|Any CPU.Build.0 = Release|Any CPU
	EndGlobalSection
	GlobalSection(SolutionProperties) = preSolution
		HideSolutionNode = FALSE
	EndGlobalSection
	GlobalSection(ExtensibilityGlobals) = postSolution
		SolutionGuid = {BAFF72E4-FA48-4880-858E-7D3D14A77BC4}
	EndGlobalSection
EndGlobal
